
Microsoft Visual Studio Solution File, Format Version 12.00
# Visual Studio Version 17
VisualStudioVersion = 17.3.32819.101
MinimumVisualStudioVersion = 10.0.40219.1
Project("{FAE04EC0-301F-11D3-BF4B-00C04F79EFBC}") = "AbbyWeb", "AbbyWeb\AbbyWeb.csproj", "{FE5AE588-94E8-4B68-AFCB-8BF3D80CF71C}"
EndProject
Global
	GlobalSection(SolutionConfigurationPlatforms) = preSolution
		Debug|Any CPU = Debug|Any CPU
		Release|Any CPU = Release|Any CPU
	EndGlobalSection
	GlobalSection(ProjectConfigurationPlatforms) = postSolution
		{FE5AE588-94E8-4B68-AFCB-8BF3D80CF71C}.Debug|Any CPU.ActiveCfg = Debug|Any CPU
		{FE5AE588-94E8-4B68-AFCB-8BF3D80CF71C}.Debug|Any CPU.Build.0 = Debug|Any CPU
		{FE5AE588-94E8-4B68-AFCB-8BF3D80CF71C}.Release|Any CPU.ActiveCfg = Release|Any CPU
		{FE5AE588-94E8-4B68-AFCB-8BF3D80CF71C}.Release|Any CPU.Build.0 = Release|Any CPU
	EndGlobalSection
	GlobalSection(SolutionProperties) = preSolution
		HideSolutionNode = FALSE
	EndGlobalSection
	GlobalSection(ExtensibilityGlobals) = postSolution
		SolutionGuid = {44DE5DD1-DB8B-43E8-8E74-262CDF4415C5}
	EndGlobalSection
EndGlobal
